// !$*UTF8*$!
{
	archiveVersion = 1;
	classes = {
	};
	objectVersion = 90;
	objects = {

/* Begin PBXBuildFile section */
		681AD0F42E0319300007DF87 /* MapKit.framework in Frameworks */ = {isa = PBXBuildFile; fileRef = 68E2DA142DFB063E00F3E0CF /* MapKit.framework */; };
		68E2DA152DFB063E00F3E0CF /* MapKit.framework in Frameworks */ = {isa = PBXBuildFile; fileRef = 68E2DA142DFB063E00F3E0CF /* MapKit.framework */; };
/* End PBXBuildFile section */

/* Begin PBXFileReference section */
		681AD0F92E0319300007DF87 /* Mapanalysis SwiftUI.app */ = {isa = PBXFileReference; explicitFileType = wrapper.application; includeInIndex = 0; path = "Mapanalysis SwiftUI.app"; sourceTree = BUILT_PRODUCTS_DIR; };
		68E2D9FB2DFB05D900F3E0CF /* Mapanalysis UIKit.app */ = {isa = PBXFileReference; explicitFileType = wrapper.application; includeInIndex = 0; path = "Mapanalysis UIKit.app"; sourceTree = BUILT_PRODUCTS_DIR; };
		68E2DA142DFB063E00F3E0CF /* MapKit.framework */ = {isa = PBXFileReference; lastKnownFileType = wrapper.framework; name = MapKit.framework; path = System/Library/Frameworks/MapKit.framework; sourceTree = SDKROOT; };
/* End PBXFileReference section */

/* Begin PBXFileSystemSynchronizedBuildFileExceptionSet section */
		681AD0FA2E0319300007DF87 /* Exceptions for "Mapanalysis" folder in "Mapanalysis SwiftUI" target */ = {
			isa = PBXFileSystemSynchronizedBuildFileExceptionSet;
			membershipExceptions = (
				"/Localized: View/UIKit/Storyboards/Main.storyboard",
				AppDelegate.swift,
				"Info-SUI.plist",
				Info.plist,
				SceneDelegate.swift,
				View/UIKit/ViewControllers/AnnotationVC.swift,
				View/UIKit/ViewControllers/FavoritesVC.swift,
				View/UIKit/ViewControllers/MapVC.swift,
				View/UIKit/ViewControllers/OptionsVC.swift,
			);
			target = 681AD0F12E0319300007DF87 /* Mapanalysis SwiftUI */;
		};
		6856015A2DFB185B00CE82A1 /* Exceptions for "Mapanalysis" folder in "Mapanalysis UIKit" target */ = {
			isa = PBXFileSystemSynchronizedBuildFileExceptionSet;
			membershipExceptions = (
				"Info-SUI.plist",
				Info.plist,
				Mapanalysis.swift,
				View/SwiftUI/AnnotationView.swift,
				View/SwiftUI/DeclarationView.swift,
				View/SwiftUI/FavoritesView.swift,
				View/SwiftUI/MapRepresentable.swift,
				View/SwiftUI/MapView.swift,
				View/SwiftUI/OptionsView.swift,
			);
			target = 68E2D9FA2DFB05D900F3E0CF /* Mapanalysis UIKit */;
		};
/* End PBXFileSystemSynchronizedBuildFileExceptionSet section */

/* Begin PBXFileSystemSynchronizedRootGroup section */
		68E2D9FD2DFB05D900F3E0CF /* Mapanalysis */ = {
			isa = PBXFileSystemSynchronizedRootGroup;
			exceptions = (
				6856015A2DFB185B00CE82A1 /* Exceptions for "Mapanalysis" folder in "Mapanalysis UIKit" target */,
				681AD0FA2E0319300007DF87 /* Exceptions for "Mapanalysis" folder in "Mapanalysis SwiftUI" target */,
			);
			path = Mapanalysis;
			sourceTree = "<group>";
		};
/* End PBXFileSystemSynchronizedRootGroup section */

/* Begin PBXFrameworksBuildPhase section */
		681AD0F32E0319300007DF87 /* Frameworks */ = {
			isa = PBXFrameworksBuildPhase;
			files = (
				681AD0F42E0319300007DF87 /* MapKit.framework in Frameworks */,
			);
		};
		68E2D9F82DFB05D900F3E0CF /* Frameworks */ = {
			isa = PBXFrameworksBuildPhase;
			files = (
				68E2DA152DFB063E00F3E0CF /* MapKit.framework in Frameworks */,
			);
		};
/* End PBXFrameworksBuildPhase section */

/* Begin PBXGroup section */
		68E2D9F22DFB05D900F3E0CF = {
			isa = PBXGroup;
			children = (
				68E2D9FD2DFB05D900F3E0CF /* Mapanalysis */,
				68E2DA132DFB063E00F3E0CF /* Frameworks */,
				68E2D9FC2DFB05D900F3E0CF /* Products */,
			);
			sourceTree = "<group>";
		};
		68E2D9FC2DFB05D900F3E0CF /* Products */ = {
			isa = PBXGroup;
			children = (
				68E2D9FB2DFB05D900F3E0CF /* Mapanalysis UIKit.app */,
				681AD0F92E0319300007DF87 /* Mapanalysis SwiftUI.app */,
			);
			name = Products;
			sourceTree = "<group>";
		};
		68E2DA132DFB063E00F3E0CF /* Frameworks */ = {
			isa = PBXGroup;
			children = (
				68E2DA142DFB063E00F3E0CF /* MapKit.framework */,
			);
			name = Frameworks;
			sourceTree = "<group>";
		};
/* End PBXGroup section */

/* Begin PBXNativeTarget section */
		681AD0F12E0319300007DF87 /* Mapanalysis SwiftUI */ = {
			isa = PBXNativeTarget;
			buildConfigurationList = 681AD0F62E0319300007DF87 /* Build configuration list for PBXNativeTarget "Mapanalysis SwiftUI" */;
			buildPhases = (
				681AD0F22E0319300007DF87 /* Sources */,
				681AD0F32E0319300007DF87 /* Frameworks */,
				681AD0F52E0319300007DF87 /* Resources */,
			);
			buildRules = (
			);
			fileSystemSynchronizedGroups = (
				68E2D9FD2DFB05D900F3E0CF /* Mapanalysis */,
			);
			name = "Mapanalysis SwiftUI";
			productName = Mapanalysis;
			productReference = 681AD0F92E0319300007DF87 /* Mapanalysis SwiftUI.app */;
			productType = "com.apple.product-type.application";
		};
		68E2D9FA2DFB05D900F3E0CF /* Mapanalysis UIKit */ = {
			isa = PBXNativeTarget;
			buildConfigurationList = 68E2DA0E2DFB05DB00F3E0CF /* Build configuration list for PBXNativeTarget "Mapanalysis UIKit" */;
			buildPhases = (
				68E2D9F72DFB05D900F3E0CF /* Sources */,
				68E2D9F82DFB05D900F3E0CF /* Frameworks */,
				68E2D9F92DFB05D900F3E0CF /* Resources */,
			);
			buildRules = (
			);
			fileSystemSynchronizedGroups = (
				68E2D9FD2DFB05D900F3E0CF /* Mapanalysis */,
			);
			name = "Mapanalysis UIKit";
			productName = Mapanalysis;
			productReference = 68E2D9FB2DFB05D900F3E0CF /* Mapanalysis UIKit.app */;
			productType = "com.apple.product-type.application";
		};
/* End PBXNativeTarget section */

/* Begin PBXProject section */
		68E2D9F32DFB05D900F3E0CF /* Project object */ = {
			isa = PBXProject;
			attributes = {
				BuildIndependentTargetsInParallel = 1;
				LastSwiftUpdateCheck = 1640;
				LastUpgradeCheck = 2600;
				TargetAttributes = {
					681AD0F12E0319300007DF87 = {
						LastSwiftMigration = 1640;
					};
					68E2D9FA2DFB05D900F3E0CF = {
						CreatedOnToolsVersion = 16.4;
					};
				};
			};
			buildConfigurationList = 68E2D9F62DFB05D900F3E0CF /* Build configuration list for PBXProject "Mapanalysis" */;
			developmentRegion = en;
			hasScannedForEncodings = 0;
			knownRegions = (
				en,
				Base,
			);
			mainGroup = 68E2D9F22DFB05D900F3E0CF;
			minimizedProjectReferenceProxies = 1;
			preferredProjectObjectVersion = 90;
			productRefGroup = 68E2D9FC2DFB05D900F3E0CF /* Products */;
			projectDirPath = "";
			projectRoot = "";
			targets = (
				68E2D9FA2DFB05D900F3E0CF /* Mapanalysis UIKit */,
				681AD0F12E0319300007DF87 /* Mapanalysis SwiftUI */,
			);
		};
/* End PBXProject section */

/* Begin PBXResourcesBuildPhase section */
		681AD0F52E0319300007DF87 /* Resources */ = {
			isa = PBXResourcesBuildPhase;
			files = (
			);
		};
		68E2D9F92DFB05D900F3E0CF /* Resources */ = {
			isa = PBXResourcesBuildPhase;
			files = (
			);
		};
/* End PBXResourcesBuildPhase section */

/* Begin PBXSourcesBuildPhase section */
		681AD0F22E0319300007DF87 /* Sources */ = {
			isa = PBXSourcesBuildPhase;
			files = (
			);
		};
		68E2D9F72DFB05D900F3E0CF /* Sources */ = {
			isa = PBXSourcesBuildPhase;
			files = (
			);
		};
/* End PBXSourcesBuildPhase section */

/* Begin XCBuildConfiguration section */
		681AD0F72E0319300007DF87 /* Debug configuration for PBXNativeTarget "Mapanalysis SwiftUI" */ = {
			isa = XCBuildConfiguration;
			buildSettings = {
				ASSETCATALOG_COMPILER_APPICON_NAME = AppIcon;
				ASSETCATALOG_COMPILER_GLOBAL_ACCENT_COLOR_NAME = AccentColor;
				CLANG_ENABLE_MODULES = YES;
				CODE_SIGN_STYLE = Automatic;
				CURRENT_PROJECT_VERSION = 14;
				DEVELOPMENT_TEAM = AFNBPBD3C5;
				GENERATE_INFOPLIST_FILE = YES;
				INFOPLIST_FILE = "Mapanalysis/Info-SUI.plist";
				INFOPLIST_KEY_CFBundleDisplayName = "Maplysis SUI";
				INFOPLIST_KEY_ITSAppUsesNonExemptEncryption = NO;
				INFOPLIST_KEY_NSLocationAlwaysUsageDescription = "We need your location to show nearby places.";
				INFOPLIST_KEY_NSLocationWhenInUseUsageDescription = "We use your location to provide full map functionality.";
				INFOPLIST_KEY_UIApplicationSupportsIndirectInputEvents = YES;
				INFOPLIST_KEY_UILaunchStoryboardName = LaunchScreen;
				INFOPLIST_KEY_UISupportedInterfaceOrientations = "UIInterfaceOrientationPortrait UIInterfaceOrientationPortraitUpsideDown";
				INFOPLIST_KEY_UISupportedInterfaceOrientations_iPad = "UIInterfaceOrientationLandscapeLeft UIInterfaceOrientationLandscapeRight UIInterfaceOrientationPortrait UIInterfaceOrientationPortraitUpsideDown";
				IPHONEOS_DEPLOYMENT_TARGET = 17.0;
				LD_RUNPATH_SEARCH_PATHS = (
					"$(inherited)",
					"@executable_path/Frameworks",
				);
				MARKETING_VERSION = 1.0;
				PRODUCT_BUNDLE_IDENTIFIER = eu.clfd.maplysis;
				PRODUCT_NAME = "$(TARGET_NAME)";
				SUPPORTED_PLATFORMS = "iphoneos iphonesimulator";
				SUPPORTS_MACCATALYST = NO;
				SUPPORTS_MAC_DESIGNED_FOR_IPHONE_IPAD = NO;
				SUPPORTS_XR_DESIGNED_FOR_IPHONE_IPAD = NO;
				SWIFT_EMIT_LOC_STRINGS = YES;
				SWIFT_OPTIMIZATION_LEVEL = "-Onone";
				SWIFT_VERSION = 5.0;
				TARGETED_DEVICE_FAMILY = "1,2";
			};
			name = Debug;
		};
		681AD0F82E0319300007DF87 /* Release configuration for PBXNativeTarget "Mapanalysis SwiftUI" */ = {
			isa = XCBuildConfiguration;
			buildSettings = {
				ASSETCATALOG_COMPILER_APPICON_NAME = AppIcon;
				ASSETCATALOG_COMPILER_GLOBAL_ACCENT_COLOR_NAME = AccentColor;
				CLANG_ENABLE_MODULES = YES;
				CODE_SIGN_STYLE = Automatic;
				CURRENT_PROJECT_VERSION = 14;
				DEVELOPMENT_TEAM = AFNBPBD3C5;
				GENERATE_INFOPLIST_FILE = YES;
				INFOPLIST_FILE = "Mapanalysis/Info-SUI.plist";
				INFOPLIST_KEY_CFBundleDisplayName = "Maplysis SUI";
				INFOPLIST_KEY_ITSAppUsesNonExemptEncryption = NO;
				INFOPLIST_KEY_NSLocationAlwaysUsageDescription = "We need your location to show nearby places.";
				INFOPLIST_KEY_NSLocationWhenInUseUsageDescription = "We use your location to provide full map functionality.";
				INFOPLIST_KEY_UIApplicationSupportsIndirectInputEvents = YES;
				INFOPLIST_KEY_UILaunchStoryboardName = LaunchScreen;
				INFOPLIST_KEY_UISupportedInterfaceOrientations = "UIInterfaceOrientationPortrait UIInterfaceOrientationPortraitUpsideDown";
				INFOPLIST_KEY_UISupportedInterfaceOrientations_iPad = "UIInterfaceOrientationLandscapeLeft UIInterfaceOrientationLandscapeRight UIInterfaceOrientationPortrait UIInterfaceOrientationPortraitUpsideDown";
				IPHONEOS_DEPLOYMENT_TARGET = 17.0;
				LD_RUNPATH_SEARCH_PATHS = (
					"$(inherited)",
					"@executable_path/Frameworks",
				);
				MARKETING_VERSION = 1.0;
				PRODUCT_BUNDLE_IDENTIFIER = eu.clfd.maplysis;
				PRODUCT_NAME = "$(TARGET_NAME)";
				SUPPORTED_PLATFORMS = "iphoneos iphonesimulator";
				SUPPORTS_MACCATALYST = NO;
				SUPPORTS_MAC_DESIGNED_FOR_IPHONE_IPAD = NO;
				SUPPORTS_XR_DESIGNED_FOR_IPHONE_IPAD = NO;
				SWIFT_EMIT_LOC_STRINGS = YES;
				SWIFT_VERSION = 5.0;
				TARGETED_DEVICE_FAMILY = "1,2";
			};
			name = Release;
		};
		68E2DA0F2DFB05DB00F3E0CF /* Debug configuration for PBXNativeTarget "Mapanalysis UIKit" */ = {
			isa = XCBuildConfiguration;
			buildSettings = {
				ASSETCATALOG_COMPILER_APPICON_NAME = AppIcon;
				ASSETCATALOG_COMPILER_GLOBAL_ACCENT_COLOR_NAME = AccentColor;
				CODE_SIGN_STYLE = Automatic;
				CURRENT_PROJECT_VERSION = 13;
				DEVELOPMENT_TEAM = AFNBPBD3C5;
				GENERATE_INFOPLIST_FILE = YES;
				INFOPLIST_FILE = Mapanalysis/Info.plist;
				INFOPLIST_KEY_CFBundleDisplayName = "Maplysis UIKit";
				INFOPLIST_KEY_ITSAppUsesNonExemptEncryption = NO;
				INFOPLIST_KEY_NSLocationAlwaysUsageDescription = "We need your location to show nearby places.";
				INFOPLIST_KEY_NSLocationWhenInUseUsageDescription = "We use your location to provide full map functionality.";
				INFOPLIST_KEY_UIApplicationSupportsIndirectInputEvents = YES;
				INFOPLIST_KEY_UILaunchStoryboardName = LaunchScreen;
				INFOPLIST_KEY_UIMainStoryboardFile = Main;
				INFOPLIST_KEY_UISupportedInterfaceOrientations = "UIInterfaceOrientationPortrait UIInterfaceOrientationPortraitUpsideDown";
				INFOPLIST_KEY_UISupportedInterfaceOrientations_iPad = "UIInterfaceOrientationLandscapeLeft UIInterfaceOrientationLandscapeRight UIInterfaceOrientationPortrait UIInterfaceOrientationPortraitUpsideDown";
				IPHONEOS_DEPLOYMENT_TARGET = 17.0;
				LD_RUNPATH_SEARCH_PATHS = (
					"$(inherited)",
					"@executable_path/Frameworks",
				);
				MARKETING_VERSION = 1.0;
				PRODUCT_BUNDLE_IDENTIFIER = eu.clfd.maplysis.uikit;
				PRODUCT_NAME = "$(TARGET_NAME)";
				SUPPORTED_PLATFORMS = "iphoneos iphonesimulator";
				SUPPORTS_MACCATALYST = NO;
				SUPPORTS_MAC_DESIGNED_FOR_IPHONE_IPAD = NO;
				SUPPORTS_XR_DESIGNED_FOR_IPHONE_IPAD = NO;
				SWIFT_EMIT_LOC_STRINGS = YES;
				SWIFT_VERSION = 5.0;
				TARGETED_DEVICE_FAMILY = "1,2";
			};
			name = Debug;
		};
		68E2DA102DFB05DB00F3E0CF /* Release configuration for PBXNativeTarget "Mapanalysis UIKit" */ = {
			isa = XCBuildConfiguration;
			buildSettings = {
				ASSETCATALOG_COMPILER_APPICON_NAME = AppIcon;
				ASSETCATALOG_COMPILER_GLOBAL_ACCENT_COLOR_NAME = AccentColor;
				CODE_SIGN_STYLE = Automatic;
				CURRENT_PROJECT_VERSION = 13;
				DEVELOPMENT_TEAM = AFNBPBD3C5;
				GENERATE_INFOPLIST_FILE = YES;
				INFOPLIST_FILE = Mapanalysis/Info.plist;
				INFOPLIST_KEY_CFBundleDisplayName = "Maplysis UIKit";
				INFOPLIST_KEY_ITSAppUsesNonExemptEncryption = NO;
				INFOPLIST_KEY_NSLocationAlwaysUsageDescription = "We need your location to show nearby places.";
				INFOPLIST_KEY_NSLocationWhenInUseUsageDescription = "We use your location to provide full map functionality.";
				INFOPLIST_KEY_UIApplicationSupportsIndirectInputEvents = YES;
				INFOPLIST_KEY_UILaunchStoryboardName = LaunchScreen;
				INFOPLIST_KEY_UIMainStoryboardFile = Main;
				INFOPLIST_KEY_UISupportedInterfaceOrientations = "UIInterfaceOrientationPortrait UIInterfaceOrientationPortraitUpsideDown";
				INFOPLIST_KEY_UISupportedInterfaceOrientations_iPad = "UIInterfaceOrientationLandscapeLeft UIInterfaceOrientationLandscapeRight UIInterfaceOrientationPortrait UIInterfaceOrientationPortraitUpsideDown";
				IPHONEOS_DEPLOYMENT_TARGET = 17.0;
				LD_RUNPATH_SEARCH_PATHS = (
					"$(inherited)",
					"@executable_path/Frameworks",
				);
				MARKETING_VERSION = 1.0;
				PRODUCT_BUNDLE_IDENTIFIER = eu.clfd.maplysis.uikit;
				PRODUCT_NAME = "$(TARGET_NAME)";
				SUPPORTED_PLATFORMS = "iphoneos iphonesimulator";
				SUPPORTS_MACCATALYST = NO;
				SUPPORTS_MAC_DESIGNED_FOR_IPHONE_IPAD = NO;
				SUPPORTS_XR_DESIGNED_FOR_IPHONE_IPAD = NO;
				SWIFT_EMIT_LOC_STRINGS = YES;
				SWIFT_VERSION = 5.0;
				TARGETED_DEVICE_FAMILY = "1,2";
			};
			name = Release;
		};
		68E2DA112DFB05DB00F3E0CF /* Debug configuration for PBXProject "Mapanalysis" */ = {
			isa = XCBuildConfiguration;
			buildSettings = {
				ALWAYS_SEARCH_USER_PATHS = NO;
				ASSETCATALOG_COMPILER_GENERATE_SWIFT_ASSET_SYMBOL_EXTENSIONS = YES;
				CLANG_ANALYZER_NONNULL = YES;
				CLANG_ANALYZER_NUMBER_OBJECT_CONVERSION = YES_AGGRESSIVE;
				CLANG_CXX_LANGUAGE_STANDARD = "gnu++20";
				CLANG_ENABLE_MODULES = YES;
				CLANG_ENABLE_OBJC_ARC = YES;
				CLANG_ENABLE_OBJC_WEAK = YES;
				CLANG_WARN_BLOCK_CAPTURE_AUTORELEASING = YES;
				CLANG_WARN_BOOL_CONVERSION = YES;
				CLANG_WARN_COMMA = YES;
				CLANG_WARN_CONSTANT_CONVERSION = YES;
				CLANG_WARN_DEPRECATED_OBJC_IMPLEMENTATIONS = YES;
				CLANG_WARN_DIRECT_OBJC_ISA_USAGE = YES_ERROR;
				CLANG_WARN_DOCUMENTATION_COMMENTS = YES;
				CLANG_WARN_EMPTY_BODY = YES;
				CLANG_WARN_ENUM_CONVERSION = YES;
				CLANG_WARN_INFINITE_RECURSION = YES;
				CLANG_WARN_INT_CONVERSION = YES;
				CLANG_WARN_NON_LITERAL_NULL_CONVERSION = YES;
				CLANG_WARN_OBJC_IMPLICIT_RETAIN_SELF = YES;
				CLANG_WARN_OBJC_LITERAL_CONVERSION = YES;
				CLANG_WARN_OBJC_ROOT_CLASS = YES_ERROR;
				CLANG_WARN_QUOTED_INCLUDE_IN_FRAMEWORK_HEADER = YES;
				CLANG_WARN_RANGE_LOOP_ANALYSIS = YES;
				CLANG_WARN_STRICT_PROTOTYPES = YES;
				CLANG_WARN_SUSPICIOUS_MOVE = YES;
				CLANG_WARN_UNGUARDED_AVAILABILITY = YES_AGGRESSIVE;
				CLANG_WARN_UNREACHABLE_CODE = YES;
				CLANG_WARN__DUPLICATE_METHOD_MATCH = YES;
				COPY_PHASE_STRIP = NO;
				DEBUG_INFORMATION_FORMAT = dwarf;
				DEVELOPMENT_TEAM = AFNBPBD3C5;
				ENABLE_STRICT_OBJC_MSGSEND = YES;
				ENABLE_TESTABILITY = YES;
				ENABLE_USER_SCRIPT_SANDBOXING = YES;
				GCC_C_LANGUAGE_STANDARD = gnu17;
				GCC_DYNAMIC_NO_PIC = NO;
				GCC_NO_COMMON_BLOCKS = YES;
				GCC_OPTIMIZATION_LEVEL = 0;
				GCC_PREPROCESSOR_DEFINITIONS = (
					"DEBUG=1",
					"$(inherited)",
				);
				GCC_WARN_64_TO_32_BIT_CONVERSION = YES;
				GCC_WARN_ABOUT_RETURN_TYPE = YES_ERROR;
				GCC_WARN_UNDECLARED_SELECTOR = YES;
				GCC_WARN_UNINITIALIZED_AUTOS = YES_AGGRESSIVE;
				GCC_WARN_UNUSED_FUNCTION = YES;
				GCC_WARN_UNUSED_VARIABLE = YES;
				IPHONEOS_DEPLOYMENT_TARGET = 18.5;
				LOCALIZATION_PREFERS_STRING_CATALOGS = YES;
				MTL_ENABLE_DEBUG_INFO = INCLUDE_SOURCE;
				MTL_FAST_MATH = YES;
				ONLY_ACTIVE_ARCH = YES;
				SDKROOT = iphoneos;
				STRING_CATALOG_GENERATE_SYMBOLS = YES;
				SWIFT_ACTIVE_COMPILATION_CONDITIONS = "DEBUG $(inherited)";
				SWIFT_OPTIMIZATION_LEVEL = "-Onone";
			};
			name = Debug;
		};
		68E2DA122DFB05DB00F3E0CF /* Release configuration for PBXProject "Mapanalysis" */ = {
			isa = XCBuildConfiguration;
			buildSettings = {
				ALWAYS_SEARCH_USER_PATHS = NO;
				ASSETCATALOG_COMPILER_GENERATE_SWIFT_ASSET_SYMBOL_EXTENSIONS = YES;
				CLANG_ANALYZER_NONNULL = YES;
				CLANG_ANALYZER_NUMBER_OBJECT_CONVERSION = YES_AGGRESSIVE;
				CLANG_CXX_LANGUAGE_STANDARD = "gnu++20";
				CLANG_ENABLE_MODULES = YES;
				CLANG_ENABLE_OBJC_ARC = YES;
				CLANG_ENABLE_OBJC_WEAK = YES;
				CLANG_WARN_BLOCK_CAPTURE_AUTORELEASING = YES;
				CLANG_WARN_BOOL_CONVERSION = YES;
				CLANG_WARN_COMMA = YES;
				CLANG_WARN_CONSTANT_CONVERSION = YES;
				CLANG_WARN_DEPRECATED_OBJC_IMPLEMENTATIONS = YES;
				CLANG_WARN_DIRECT_OBJC_ISA_USAGE = YES_ERROR;
				CLANG_WARN_DOCUMENTATION_COMMENTS = YES;
				CLANG_WARN_EMPTY_BODY = YES;
				CLANG_WARN_ENUM_CONVERSION = YES;
				CLANG_WARN_INFINITE_RECURSION = YES;
				CLANG_WARN_INT_CONVERSION = YES;
				CLANG_WARN_NON_LITERAL_NULL_CONVERSION = YES;
				CLANG_WARN_OBJC_IMPLICIT_RETAIN_SELF = YES;
				CLANG_WARN_OBJC_LITERAL_CONVERSION = YES;
				CLANG_WARN_OBJC_ROOT_CLASS = YES_ERROR;
				CLANG_WARN_QUOTED_INCLUDE_IN_FRAMEWORK_HEADER = YES;
				CLANG_WARN_RANGE_LOOP_ANALYSIS = YES;
				CLANG_WARN_STRICT_PROTOTYPES = YES;
				CLANG_WARN_SUSPICIOUS_MOVE = YES;
				CLANG_WARN_UNGUARDED_AVAILABILITY = YES_AGGRESSIVE;
				CLANG_WARN_UNREACHABLE_CODE = YES;
				CLANG_WARN__DUPLICATE_METHOD_MATCH = YES;
				COPY_PHASE_STRIP = NO;
				DEBUG_INFORMATION_FORMAT = "dwarf-with-dsym";
				DEVELOPMENT_TEAM = AFNBPBD3C5;
				ENABLE_NS_ASSERTIONS = NO;
				ENABLE_STRICT_OBJC_MSGSEND = YES;
				ENABLE_USER_SCRIPT_SANDBOXING = YES;
				GCC_C_LANGUAGE_STANDARD = gnu17;
				GCC_NO_COMMON_BLOCKS = YES;
				GCC_WARN_64_TO_32_BIT_CONVERSION = YES;
				GCC_WARN_ABOUT_RETURN_TYPE = YES_ERROR;
				GCC_WARN_UNDECLARED_SELECTOR = YES;
				GCC_WARN_UNINITIALIZED_AUTOS = YES_AGGRESSIVE;
				GCC_WARN_UNUSED_FUNCTION = YES;
				GCC_WARN_UNUSED_VARIABLE = YES;
				IPHONEOS_DEPLOYMENT_TARGET = 18.5;
				LOCALIZATION_PREFERS_STRING_CATALOGS = YES;
				MTL_ENABLE_DEBUG_INFO = NO;
				MTL_FAST_MATH = YES;
				SDKROOT = iphoneos;
				STRING_CATALOG_GENERATE_SYMBOLS = YES;
				SWIFT_COMPILATION_MODE = wholemodule;
				VALIDATE_PRODUCT = YES;
			};
			name = Release;
		};
/* End XCBuildConfiguration section */

/* Begin XCConfigurationList section */
		681AD0F62E0319300007DF87 /* Build configuration list for PBXNativeTarget "Mapanalysis SwiftUI" */ = {
			isa = XCConfigurationList;
			buildConfigurations = (
				681AD0F72E0319300007DF87 /* Debug configuration for PBXNativeTarget "Mapanalysis SwiftUI" */,
				681AD0F82E0319300007DF87 /* Release configuration for PBXNativeTarget "Mapanalysis SwiftUI" */,
			);
			defaultConfigurationName = Release;
		};
		68E2D9F62DFB05D900F3E0CF /* Build configuration list for PBXProject "Mapanalysis" */ = {
			isa = XCConfigurationList;
			buildConfigurations = (
				68E2DA112DFB05DB00F3E0CF /* Debug configuration for PBXProject "Mapanalysis" */,
				68E2DA122DFB05DB00F3E0CF /* Release configuration for PBXProject "Mapanalysis" */,
			);
			defaultConfigurationName = Release;
		};
		68E2DA0E2DFB05DB00F3E0CF /* Build configuration list for PBXNativeTarget "Mapanalysis UIKit" */ = {
			isa = XCConfigurationList;
			buildConfigurations = (
				68E2DA0F2DFB05DB00F3E0CF /* Debug configuration for PBXNativeTarget "Mapanalysis UIKit" */,
				68E2DA102DFB05DB00F3E0CF /* Release configuration for PBXNativeTarget "Mapanalysis UIKit" */,
			);
			defaultConfigurationName = Release;
		};
/* End XCConfigurationList section */
	};
	rootObject = 68E2D9F32DFB05D900F3E0CF /* Project object */;
}
